<?xml version="1.0" encoding="utf-8"?>
<Project ToolsVersion="4.0" xmlns="http://schemas.microsoft.com/developer/msbuild/2003">
  <ItemGroup>
    <Filter Include="소스 파일">
      <UniqueIdentifier>{4FC737F1-C7A5-4376-A066-2A32D752A2FF}</UniqueIdentifier>
      <Extensions>cpp;c;cc;cxx;def;odl;idl;hpj;bat;asm;asmx</Extensions>
    </Filter>
    <Filter Include="헤더 파일">
      <UniqueIdentifier>{93995380-89BD-4b04-88EB-625FBE52EBFB}</UniqueIdentifier>
      <Extensions>h;hh;hpp;hxx;hm;inl;inc;xsd</Extensions>
    </Filter>
    <Filter Include="리소스 파일">
      <UniqueIdentifier>{67DA6AB6-F800-4c08-8B7A-83BB121AAD01}</UniqueIdentifier>
      <Extensions>rc;ico;cur;bmp;dlg;rc2;rct;bin;rgs;gif;jpg;jpeg;jpe;resx;tiff;tif;png;wav;mfcribbon-ms</Extensions>
    </Filter>
  </ItemGroup>
  <ItemGroup>
    <ClCompile Include="1_1_메세지맵_이벤트핸들러.cpp">
      <Filter>소스 파일</Filter>
    </ClCompile>
    <ClCompile Include="1_2_메세지맵_매크로구현.cpp">
      <Filter>소스 파일</Filter>
    </ClCompile>
    <ClCompile Include="2_1_CRTP_비가상을가상함수처럼.cpp">
      <Filter>소스 파일</Filter>
    </ClCompile>
    <ClCompile Include="2_2_CRTP_객체생성개수제한.cpp">
      <Filter>소스 파일</Filter>
    </ClCompile>
    <ClCompile Include="2_3_CRTP_객체파괴.cpp">
      <Filter>소스 파일</Filter>
    </ClCompile>
    <ClCompile Include="2_CRTP2_강사.cpp">
      <Filter>소스 파일</Filter>
    </ClCompile>
    <ClCompile Include="3_1_RTTI_type_info_확인.cpp">
      <Filter>소스 파일</Filter>
    </ClCompile>
    <ClCompile Include="3_2_RTTI_정적멤버로구현.cpp">
      <Filter>소스 파일</Filter>
    </ClCompile>
    <ClCompile Include="3_3_RTTI_매크로구현.cpp">
      <Filter>소스 파일</Filter>
    </ClCompile>
    <ClCompile Include="4_1_컨테이너_기본구현.cpp">
      <Filter>소스 파일</Filter>
    </ClCompile>
    <ClCompile Include="4_2_컨테이너_object기반.cpp">
      <Filter>소스 파일</Filter>
    </ClCompile>
    <ClCompile Include="4_3_컨테이너_템플릿기반.cpp">
      <Filter>소스 파일</Filter>
    </ClCompile>
    <ClCompile Include="4_4_컨테이너_ThinTemplate.cpp">
      <Filter>소스 파일</Filter>
    </ClCompile>
    <ClCompile Include="5_스마트포인터_구현.cpp">
      <Filter>소스 파일</Filter>
    </ClCompile>
    <ClCompile Include="6_일반적프로그래밍.cpp">
      <Filter>소스 파일</Filter>
    </ClCompile>
    <ClCompile Include="7_1_반복자_템플릿기반구현.cpp">
      <Filter>소스 파일</Filter>
    </ClCompile>
    <ClCompile Include="7_2_반복자_인터페이스기반.cpp">
      <Filter>소스 파일</Filter>
    </ClCompile>
    <ClCompile Include="7_3_반복자_두방식장단점비교.cpp">
      <Filter>소스 파일</Filter>
    </ClCompile>
    <ClCompile Include="7_4_반복자_종류_5가지.cpp">
      <Filter>소스 파일</Filter>
    </ClCompile>
    <ClCompile Include="8_1_방문자.cpp">
      <Filter>소스 파일</Filter>
    </ClCompile>
    <ClCompile Include="8_2_방문자_메뉴적용.cpp">
      <Filter>소스 파일</Filter>
    </ClCompile>
  </ItemGroup>
  <ItemGroup>
    <ClInclude Include="ioacademy.h">
      <Filter>헤더 파일</Filter>
    </ClInclude>
  </ItemGroup>
</Project>