<?xml version="1.0" encoding="utf-8"?>
<Project ToolsVersion="4.0" xmlns="http://schemas.microsoft.com/developer/msbuild/2003">
  <ItemGroup>
    <Filter Include="소스 파일">
      <UniqueIdentifier>{4FC737F1-C7A5-4376-A066-2A32D752A2FF}</UniqueIdentifier>
      <Extensions>cpp;c;cc;cxx;def;odl;idl;hpj;bat;asm;asmx</Extensions>
    </Filter>
    <Filter Include="헤더 파일">
      <UniqueIdentifier>{93995380-89BD-4b04-88EB-625FBE52EBFB}</UniqueIdentifier>
      <Extensions>h;hh;hpp;hxx;hm;inl;inc;xsd</Extensions>
    </Filter>
    <Filter Include="리소스 파일">
      <UniqueIdentifier>{67DA6AB6-F800-4c08-8B7A-83BB121AAD01}</UniqueIdentifier>
      <Extensions>rc;ico;cur;bmp;dlg;rc2;rct;bin;rgs;gif;jpg;jpeg;jpe;resx;tiff;tif;png;wav;mfcribbon-ms</Extensions>
    </Filter>
  </ItemGroup>
  <ItemGroup>
    <ClCompile Include="1_1_추상클래스개념.cpp">
      <Filter>소스 파일</Filter>
    </ClCompile>
    <ClCompile Include="1_2_인터페이스개념.cpp">
      <Filter>소스 파일</Filter>
    </ClCompile>
    <ClCompile Include="2_1_LineEdit.cpp">
      <Filter>소스 파일</Filter>
    </ClCompile>
    <ClCompile Include="2_2_LineEdit_정책의변화_template.cpp">
      <Filter>소스 파일</Filter>
    </ClCompile>
    <ClCompile Include="2_3_LineEdit_정책의변화_starategy.cpp">
      <Filter>소스 파일</Filter>
    </ClCompile>
    <ClCompile Include="3_1_단위전략_아니고_전략패턴.cpp">
      <Filter>소스 파일</Filter>
    </ClCompile>
    <ClCompile Include="3_2_단위전략_진짜.cpp">
      <Filter>소스 파일</Filter>
    </ClCompile>
    <ClCompile Include="3_3_단위전략_type_traits구현.cpp">
      <Filter>소스 파일</Filter>
    </ClCompile>
    <ClCompile Include="4_1_함수와전략_함수포인터문제.cpp">
      <Filter>소스 파일</Filter>
    </ClCompile>
    <ClCompile Include="4_2_함수포인터문제2.cpp">
      <Filter>소스 파일</Filter>
    </ClCompile>
    <ClCompile Include="4_3_함수객체소개.cpp">
      <Filter>소스 파일</Filter>
    </ClCompile>
    <ClCompile Include="4_4_함수객체활용.cpp">
      <Filter>소스 파일</Filter>
    </ClCompile>
    <ClCompile Include="4_5_람다함수활용.cpp">
      <Filter>소스 파일</Filter>
    </ClCompile>
    <ClCompile Include="5_공통성과가변성의분리.cpp">
      <Filter>소스 파일</Filter>
    </ClCompile>
    <ClCompile Include="6_ApplicationFramework.cpp">
      <Filter>소스 파일</Filter>
    </ClCompile>
    <ClCompile Include="7_Composite패턴_파일시스템예제.cpp">
      <Filter>소스 파일</Filter>
    </ClCompile>
    <ClCompile Include="7_메뉴_Composite패턴.cpp">
      <Filter>소스 파일</Filter>
    </ClCompile>
    <ClCompile Include="8_1_메뉴이벤트.cpp">
      <Filter>소스 파일</Filter>
    </ClCompile>
    <ClCompile Include="8_2_메뉴이벤트_인터페이스기반리스너.cpp">
      <Filter>소스 파일</Filter>
    </ClCompile>
    <ClCompile Include="8_3_메뉴이벤트_관찰자패턴.cpp">
      <Filter>소스 파일</Filter>
    </ClCompile>
    <ClCompile Include="8_4_메뉴이벤트_멤버함수포인터기반.cpp">
      <Filter>소스 파일</Filter>
    </ClCompile>
    <ClCompile Include="8_5_범용함수포인터구현.cpp">
      <Filter>소스 파일</Filter>
    </ClCompile>
    <ClCompile Include="8_6_메뉴이벤트_범용함수포인터응용.cpp">
      <Filter>소스 파일</Filter>
    </ClCompile>
    <ClCompile Include="8_7_Cpp표준범용함수포인터.cpp">
      <Filter>소스 파일</Filter>
    </ClCompile>
    <ClCompile Include="책추천.cpp">
      <Filter>소스 파일</Filter>
    </ClCompile>
  </ItemGroup>
</Project>